# This file was autogenerated by Stack.
# You should not edit this file by hand.
# For more information, please see the documentation at:
#   https://docs.haskellstack.org/en/stable/lock_files

packages:
- completed:
    hackage: hashable-1.4.0.0@sha256:a6578a6d22592540078e4afaa38b5a138737ae11a8c1085df19d0ac527422d28,4787
    pantry-tree:
      sha256: 2b59fe86f7343c0959a4ffc33fc68004576c807966da55072fa223313efb3926
      size: 1248
  original:
    hackage: hashable-1.4.0.0
- completed:
    commit: fd017a6ee307730f6621ff080bbbf38b0b92d5b7
    git: https://github.com/facebook/Haxl.git
    name: haxl
    pantry-tree:
      sha256: ff6659146aba3db7f1c638907a8e7c4101da9753263a1da3b40d88b47f486e98
      size: 4432
    version: 2.4.0.0
  original:
    commit: fd017a6ee307730f6621ff080bbbf38b0b92d5b7
    git: https://github.com/facebook/Haxl.git
snapshots:
- completed:
    sha256: 428ec8d5ce932190d3cbe266b9eb3c175cd81e984babf876b64019e2cbe4ea68
    size: 590100
    url: https://raw.githubusercontent.com/commercialhaskell/stackage-snapshots/master/lts/18/28.yaml
  original: lts-18.28
