# This file was autogenerated by Stack.
# You should not edit this file by hand.
# For more information, please see the documentation at:
#   https://docs.haskellstack.org/en/stable/lock_files

packages:
- completed:
    name: haxl
    version: 2.3.0.0
    git: https://github.com/facebook/Haxl
    pantry-tree:
      size: 4155
      sha256: 755e08d8ad244d5fd4f6f969e13b55fafc23c8261ef1dbf9abd44f578d094036
    commit: 2d3731ec7a9959c19f74baa5613ed1a3363ab798
  original:
    git: https://github.com/facebook/Haxl
    commit: 2d3731ec7a9959c19f74baa5613ed1a3363ab798
snapshots:
- completed:
    size: 532380
    url: https://raw.githubusercontent.com/commercialhaskell/stackage-snapshots/master/lts/16/9.yaml
    sha256: 14a7cec114424e4286adde73364438927a553ed248cc50f069a30a67e3ee1e69
  original: lts-16.9
